
Microsoft Visual Studio Solution File, Format Version 12.00
# Visual Studio Version 17
VisualStudioVersion = 17.7.34009.444
MinimumVisualStudioVersion = 10.0.40219.1
Project("{FAE04EC0-301F-11D3-BF4B-00C04F79EFBC}") = "TwillioDemoWebApi", "TwillioDemoWebApi\TwillioDemoWebApi.csproj", "{0EE86135-F726-4FC0-AD12-33B589CCBB19}"
EndProject
Global
	GlobalSection(SolutionConfigurationPlatforms) = preSolution
		Debug|Any CPU = Debug|Any CPU
		Release|Any CPU = Release|Any CPU
	EndGlobalSection
	GlobalSection(ProjectConfigurationPlatforms) = postSolution
		{0EE86135-F726-4FC0-AD12-33B589CCBB19}.Debug|Any CPU.ActiveCfg = Debug|Any CPU
		{0EE86135-F726-4FC0-AD12-33B589CCBB19}.Debug|Any CPU.Build.0 = Debug|Any CPU
		{0EE86135-F726-4FC0-AD12-33B589CCBB19}.Release|Any CPU.ActiveCfg = Release|Any CPU
		{0EE86135-F726-4FC0-AD12-33B589CCBB19}.Release|Any CPU.Build.0 = Release|Any CPU
	EndGlobalSection
	GlobalSection(SolutionProperties) = preSolution
		HideSolutionNode = FALSE
	EndGlobalSection
	GlobalSection(ExtensibilityGlobals) = postSolution
		SolutionGuid = {FDFC78AD-8794-4B6B-87F3-C0FE126A2BE8}
	EndGlobalSection
EndGlobal
